# This file is automatically @generated by Cargo.
# It is not intended for manual editing.
version = 4

[[package]]
name = "strata-core"
version = "0.0.0"

[[package]]
name = "strata-engine"
version = "0.0.0"

[[package]]
name = "strata-layout"
version = "0.0.0"

[[package]]
name = "strata-print"
version = "0.0.0"

[[package]]
name = "strata-sync"
version = "0.0.0"

[[package]]
name = "strata-trace"
version = "0.0.0"
